// !$*UTF8*$!
{
	archiveVersion = 1;
	classes = {
	};
	objectVersion = 46;
	objects = {

/* Begin PBXBuildFile section */
		2233C7951C45ECF0001180D6 /* TableViewController.m in Sources */ = {isa = PBXBuildFile; fileRef = 2233C7941C45ECF0001180D6 /* TableViewController.m */; };
		2233C7981C45F121001180D6 /* TwoViewController.m in Sources */ = {isa = PBXBuildFile; fileRef = 2233C7971C45F121001180D6 /* TwoViewController.m */; };
		22549BBA1C44A99A00C70486 /* RAKeyboardManager.m in Sources */ = {isa = PBXBuildFile; fileRef = 22549BB91C44A99A00C70486 /* RAKeyboardManager.m */; };
		22549BC31C450F0E00C70486 /* MyTableViewCell.m in Sources */ = {isa = PBXBuildFile; fileRef = 22549BC21C450F0E00C70486 /* MyTableViewCell.m */; };
		22D97BC91C06FFC000D59D70 /* main.m in Sources */ = {isa = PBXBuildFile; fileRef = 22D97BC81C06FFC000D59D70 /* main.m */; };
		22D97BCC1C06FFC000D59D70 /* AppDelegate.m in Sources */ = {isa = PBXBuildFile; fileRef = 22D97BCB1C06FFC000D59D70 /* AppDelegate.m */; };
		22D97BCF1C06FFC000D59D70 /* ViewController.m in Sources */ = {isa = PBXBuildFile; fileRef = 22D97BCE1C06FFC000D59D70 /* ViewController.m */; };
		22D97BD21C06FFC000D59D70 /* Main.storyboard in Resources */ = {isa = PBXBuildFile; fileRef = 22D97BD01C06FFC000D59D70 /* Main.storyboard */; };
		22D97BD41C06FFC000D59D70 /* Assets.xcassets in Resources */ = {isa = PBXBuildFile; fileRef = 22D97BD31C06FFC000D59D70 /* Assets.xcassets */; };
		22D97BD71C06FFC000D59D70 /* LaunchScreen.storyboard in Resources */ = {isa = PBXBuildFile; fileRef = 22D97BD51C06FFC000D59D70 /* LaunchScreen.storyboard */; };
		22D97BE61C070E7300D59D70 /* OneViewController.m in Sources */ = {isa = PBXBuildFile; fileRef = 22D97BE51C070E7300D59D70 /* OneViewController.m */; };
/* End PBXBuildFile section */

/* Begin PBXFileReference section */
		2233C7931C45ECF0001180D6 /* TableViewController.h */ = {isa = PBXFileReference; fileEncoding = 4; lastKnownFileType = sourcecode.c.h; path = TableViewController.h; sourceTree = "<group>"; };
		2233C7941C45ECF0001180D6 /* TableViewController.m */ = {isa = PBXFileReference; fileEncoding = 4; lastKnownFileType = sourcecode.c.objc; path = TableViewController.m; sourceTree = "<group>"; };
		2233C7961C45F121001180D6 /* TwoViewController.h */ = {isa = PBXFileReference; fileEncoding = 4; lastKnownFileType = sourcecode.c.h; path = TwoViewController.h; sourceTree = "<group>"; };
		2233C7971C45F121001180D6 /* TwoViewController.m */ = {isa = PBXFileReference; fileEncoding = 4; lastKnownFileType = sourcecode.c.objc; path = TwoViewController.m; sourceTree = "<group>"; };
		22549BB81C44A99A00C70486 /* RAKeyboardManager.h */ = {isa = PBXFileReference; fileEncoding = 4; lastKnownFileType = sourcecode.c.h; path = RAKeyboardManager.h; sourceTree = "<group>"; };
		22549BB91C44A99A00C70486 /* RAKeyboardManager.m */ = {isa = PBXFileReference; fileEncoding = 4; lastKnownFileType = sourcecode.c.objc; path = RAKeyboardManager.m; sourceTree = "<group>"; };
		22549BC11C450F0E00C70486 /* MyTableViewCell.h */ = {isa = PBXFileReference; fileEncoding = 4; lastKnownFileType = sourcecode.c.h; path = MyTableViewCell.h; sourceTree = "<group>"; };
		22549BC21C450F0E00C70486 /* MyTableViewCell.m */ = {isa = PBXFileReference; fileEncoding = 4; lastKnownFileType = sourcecode.c.objc; path = MyTableViewCell.m; sourceTree = "<group>"; };
		22D97BC41C06FFC000D59D70 /* RAKeyBoard.app */ = {isa = PBXFileReference; explicitFileType = wrapper.application; includeInIndex = 0; path = RAKeyBoard.app; sourceTree = BUILT_PRODUCTS_DIR; };
		22D97BC81C06FFC000D59D70 /* main.m */ = {isa = PBXFileReference; lastKnownFileType = sourcecode.c.objc; path = main.m; sourceTree = "<group>"; };
		22D97BCA1C06FFC000D59D70 /* AppDelegate.h */ = {isa = PBXFileReference; lastKnownFileType = sourcecode.c.h; path = AppDelegate.h; sourceTree = "<group>"; };
		22D97BCB1C06FFC000D59D70 /* AppDelegate.m */ = {isa = PBXFileReference; lastKnownFileType = sourcecode.c.objc; path = AppDelegate.m; sourceTree = "<group>"; };
		22D97BCD1C06FFC000D59D70 /* ViewController.h */ = {isa = PBXFileReference; lastKnownFileType = sourcecode.c.h; path = ViewController.h; sourceTree = "<group>"; };
		22D97BCE1C06FFC000D59D70 /* ViewController.m */ = {isa = PBXFileReference; lastKnownFileType = sourcecode.c.objc; path = ViewController.m; sourceTree = "<group>"; };
		22D97BD11C06FFC000D59D70 /* Base */ = {isa = PBXFileReference; lastKnownFileType = file.storyboard; name = Base; path = Base.lproj/Main.storyboard; sourceTree = "<group>"; };
		22D97BD31C06FFC000D59D70 /* Assets.xcassets */ = {isa = PBXFileReference; lastKnownFileType = folder.assetcatalog; path = Assets.xcassets; sourceTree = "<group>"; };
		22D97BD61C06FFC000D59D70 /* Base */ = {isa = PBXFileReference; lastKnownFileType = file.storyboard; name = Base; path = Base.lproj/LaunchScreen.storyboard; sourceTree = "<group>"; };
		22D97BD81C06FFC000D59D70 /* Info.plist */ = {isa = PBXFileReference; lastKnownFileType = text.plist.xml; path = Info.plist; sourceTree = "<group>"; };
		22D97BE41C070E7300D59D70 /* OneViewController.h */ = {isa = PBXFileReference; fileEncoding = 4; lastKnownFileType = sourcecode.c.h; path = OneViewController.h; sourceTree = "<group>"; };
		22D97BE51C070E7300D59D70 /* OneViewController.m */ = {isa = PBXFileReference; fileEncoding = 4; lastKnownFileType = sourcecode.c.objc; path = OneViewController.m; sourceTree = "<group>"; };
/* End PBXFileReference section */

/* Begin PBXFrameworksBuildPhase section */
		22D97BC11C06FFC000D59D70 /* Frameworks */ = {
			isa = PBXFrameworksBuildPhase;
			buildActionMask = 2147483647;
			files = (
			);
			runOnlyForDeploymentPostprocessing = 0;
		};
/* End PBXFrameworksBuildPhase section */

/* Begin PBXGroup section */
		2233C7911C45EC72001180D6 /* KeyboardManager */ = {
			isa = PBXGroup;
			children = (
				22549BB81C44A99A00C70486 /* RAKeyboardManager.h */,
				22549BB91C44A99A00C70486 /* RAKeyboardManager.m */,
			);
			name = KeyboardManager;
			sourceTree = "<group>";
		};
		2233C7921C45EC8A001180D6 /* ViewController */ = {
			isa = PBXGroup;
			children = (
				22D97BCD1C06FFC000D59D70 /* ViewController.h */,
				22D97BCE1C06FFC000D59D70 /* ViewController.m */,
				2233C7931C45ECF0001180D6 /* TableViewController.h */,
				2233C7941C45ECF0001180D6 /* TableViewController.m */,
				22549BC11C450F0E00C70486 /* MyTableViewCell.h */,
				22549BC21C450F0E00C70486 /* MyTableViewCell.m */,
				22D97BE41C070E7300D59D70 /* OneViewController.h */,
				22D97BE51C070E7300D59D70 /* OneViewController.m */,
				2233C7961C45F121001180D6 /* TwoViewController.h */,
				2233C7971C45F121001180D6 /* TwoViewController.m */,
			);
			name = ViewController;
			sourceTree = "<group>";
		};
		22D97BBB1C06FFC000D59D70 = {
			isa = PBXGroup;
			children = (
				22D97BC61C06FFC000D59D70 /* RAKeyBoard */,
				22D97BC51C06FFC000D59D70 /* Products */,
			);
			sourceTree = "<group>";
		};
		22D97BC51C06FFC000D59D70 /* Products */ = {
			isa = PBXGroup;
			children = (
				22D97BC41C06FFC000D59D70 /* RAKeyBoard.app */,
			);
			name = Products;
			sourceTree = "<group>";
		};
		22D97BC61C06FFC000D59D70 /* RAKeyBoard */ = {
			isa = PBXGroup;
			children = (
				22D97BCA1C06FFC000D59D70 /* AppDelegate.h */,
				22D97BCB1C06FFC000D59D70 /* AppDelegate.m */,
				2233C7921C45EC8A001180D6 /* ViewController */,
				2233C7911C45EC72001180D6 /* KeyboardManager */,
				22D97BD01C06FFC000D59D70 /* Main.storyboard */,
				22D97BD31C06FFC000D59D70 /* Assets.xcassets */,
				22D97BD51C06FFC000D59D70 /* LaunchScreen.storyboard */,
				22D97BD81C06FFC000D59D70 /* Info.plist */,
				22D97BC71C06FFC000D59D70 /* Supporting Files */,
			);
			path = RAKeyBoard;
			sourceTree = "<group>";
		};
		22D97BC71C06FFC000D59D70 /* Supporting Files */ = {
			isa = PBXGroup;
			children = (
				22D97BC81C06FFC000D59D70 /* main.m */,
			);
			name = "Supporting Files";
			sourceTree = "<group>";
		};
/* End PBXGroup section */

/* Begin PBXNativeTarget section */
		22D97BC31C06FFC000D59D70 /* RAKeyBoard */ = {
			isa = PBXNativeTarget;
			buildConfigurationList = 22D97BDB1C06FFC000D59D70 /* Build configuration list for PBXNativeTarget "RAKeyBoard" */;
			buildPhases = (
				22D97BC01C06FFC000D59D70 /* Sources */,
				22D97BC11C06FFC000D59D70 /* Frameworks */,
				22D97BC21C06FFC000D59D70 /* Resources */,
			);
			buildRules = (
			);
			dependencies = (
			);
			name = RAKeyBoard;
			productName = RAKeyBoard;
			productReference = 22D97BC41C06FFC000D59D70 /* RAKeyBoard.app */;
			productType = "com.apple.product-type.application";
		};
/* End PBXNativeTarget section */

/* Begin PBXProject section */
		22D97BBC1C06FFC000D59D70 /* Project object */ = {
			isa = PBXProject;
			attributes = {
				LastUpgradeCheck = 0700;
				ORGANIZATIONNAME = rano;
				TargetAttributes = {
					22D97BC31C06FFC000D59D70 = {
						CreatedOnToolsVersion = 7.0;
					};
				};
			};
			buildConfigurationList = 22D97BBF1C06FFC000D59D70 /* Build configuration list for PBXProject "RAKeyBoard" */;
			compatibilityVersion = "Xcode 3.2";
			developmentRegion = English;
			hasScannedForEncodings = 0;
			knownRegions = (
				en,
				Base,
			);
			mainGroup = 22D97BBB1C06FFC000D59D70;
			productRefGroup = 22D97BC51C06FFC000D59D70 /* Products */;
			projectDirPath = "";
			projectRoot = "";
			targets = (
				22D97BC31C06FFC000D59D70 /* RAKeyBoard */,
			);
		};
/* End PBXProject section */

/* Begin PBXResourcesBuildPhase section */
		22D97BC21C06FFC000D59D70 /* Resources */ = {
			isa = PBXResourcesBuildPhase;
			buildActionMask = 2147483647;
			files = (
				22D97BD71C06FFC000D59D70 /* LaunchScreen.storyboard in Resources */,
				22D97BD41C06FFC000D59D70 /* Assets.xcassets in Resources */,
				22D97BD21C06FFC000D59D70 /* Main.storyboard in Resources */,
			);
			runOnlyForDeploymentPostprocessing = 0;
		};
/* End PBXResourcesBuildPhase section */

/* Begin PBXSourcesBuildPhase section */
		22D97BC01C06FFC000D59D70 /* Sources */ = {
			isa = PBXSourcesBuildPhase;
			buildActionMask = 2147483647;
			files = (
				22D97BE61C070E7300D59D70 /* OneViewController.m in Sources */,
				22D97BCF1C06FFC000D59D70 /* ViewController.m in Sources */,
				22549BC31C450F0E00C70486 /* MyTableViewCell.m in Sources */,
				22D97BCC1C06FFC000D59D70 /* AppDelegate.m in Sources */,
				22D97BC91C06FFC000D59D70 /* main.m in Sources */,
				2233C7951C45ECF0001180D6 /* TableViewController.m in Sources */,
				22549BBA1C44A99A00C70486 /* RAKeyboardManager.m in Sources */,
				2233C7981C45F121001180D6 /* TwoViewController.m in Sources */,
			);
			runOnlyForDeploymentPostprocessing = 0;
		};
/* End PBXSourcesBuildPhase section */

/* Begin PBXVariantGroup section */
		22D97BD01C06FFC000D59D70 /* Main.storyboard */ = {
			isa = PBXVariantGroup;
			children = (
				22D97BD11C06FFC000D59D70 /* Base */,
			);
			name = Main.storyboard;
			sourceTree = "<group>";
		};
		22D97BD51C06FFC000D59D70 /* LaunchScreen.storyboard */ = {
			isa = PBXVariantGroup;
			children = (
				22D97BD61C06FFC000D59D70 /* Base */,
			);
			name = LaunchScreen.storyboard;
			sourceTree = "<group>";
		};
/* End PBXVariantGroup section */

/* Begin XCBuildConfiguration section */
		22D97BD91C06FFC000D59D70 /* Debug */ = {
			isa = XCBuildConfiguration;
			buildSettings = {
				ALWAYS_SEARCH_USER_PATHS = NO;
				CLANG_CXX_LANGUAGE_STANDARD = "gnu++0x";
				CLANG_CXX_LIBRARY = "libc++";
				CLANG_ENABLE_MODULES = YES;
				CLANG_ENABLE_OBJC_ARC = YES;
				CLANG_WARN_BOOL_CONVERSION = YES;
				CLANG_WARN_CONSTANT_CONVERSION = YES;
				CLANG_WARN_DIRECT_OBJC_ISA_USAGE = YES_ERROR;
				CLANG_WARN_EMPTY_BODY = YES;
				CLANG_WARN_ENUM_CONVERSION = YES;
				CLANG_WARN_INT_CONVERSION = YES;
				CLANG_WARN_OBJC_ROOT_CLASS = YES_ERROR;
				CLANG_WARN_UNREACHABLE_CODE = YES;
				CLANG_WARN__DUPLICATE_METHOD_MATCH = YES;
				"CODE_SIGN_IDENTITY[sdk=iphoneos*]" = "iPhone Developer";
				COPY_PHASE_STRIP = NO;
				DEBUG_INFORMATION_FORMAT = dwarf;
				ENABLE_STRICT_OBJC_MSGSEND = YES;
				ENABLE_TESTABILITY = YES;
				GCC_C_LANGUAGE_STANDARD = gnu99;
				GCC_DYNAMIC_NO_PIC = NO;
				GCC_NO_COMMON_BLOCKS = YES;
				GCC_OPTIMIZATION_LEVEL = 0;
				GCC_PREPROCESSOR_DEFINITIONS = (
					"DEBUG=1",
					"$(inherited)",
				);
				GCC_WARN_64_TO_32_BIT_CONVERSION = YES;
				GCC_WARN_ABOUT_RETURN_TYPE = YES_ERROR;
				GCC_WARN_UNDECLARED_SELECTOR = YES;
				GCC_WARN_UNINITIALIZED_AUTOS = YES_AGGRESSIVE;
				GCC_WARN_UNUSED_FUNCTION = YES;
				GCC_WARN_UNUSED_VARIABLE = YES;
				IPHONEOS_DEPLOYMENT_TARGET = 9.0;
				MTL_ENABLE_DEBUG_INFO = YES;
				ONLY_ACTIVE_ARCH = YES;
				SDKROOT = iphoneos;
			};
			name = Debug;
		};
		22D97BDA1C06FFC000D59D70 /* Release */ = {
			isa = XCBuildConfiguration;
			buildSettings = {
				ALWAYS_SEARCH_USER_PATHS = NO;
				CLANG_CXX_LANGUAGE_STANDARD = "gnu++0x";
				CLANG_CXX_LIBRARY = "libc++";
				CLANG_ENABLE_MODULES = YES;
				CLANG_ENABLE_OBJC_ARC = YES;
				CLANG_WARN_BOOL_CONVERSION = YES;
				CLANG_WARN_CONSTANT_CONVERSION = YES;
				CLANG_WARN_DIRECT_OBJC_ISA_USAGE = YES_ERROR;
				CLANG_WARN_EMPTY_BODY = YES;
				CLANG_WARN_ENUM_CONVERSION = YES;
				CLANG_WARN_INT_CONVERSION = YES;
				CLANG_WARN_OBJC_ROOT_CLASS = YES_ERROR;
				CLANG_WARN_UNREACHABLE_CODE = YES;
				CLANG_WARN__DUPLICATE_METHOD_MATCH = YES;
				"CODE_SIGN_IDENTITY[sdk=iphoneos*]" = "iPhone Developer";
				COPY_PHASE_STRIP = NO;
				DEBUG_INFORMATION_FORMAT = "dwarf-with-dsym";
				ENABLE_NS_ASSERTIONS = NO;
				ENABLE_STRICT_OBJC_MSGSEND = YES;
				GCC_C_LANGUAGE_STANDARD = gnu99;
				GCC_NO_COMMON_BLOCKS = YES;
				GCC_WARN_64_TO_32_BIT_CONVERSION = YES;
				GCC_WARN_ABOUT_RETURN_TYPE = YES_ERROR;
				GCC_WARN_UNDECLARED_SELECTOR = YES;
				GCC_WARN_UNINITIALIZED_AUTOS = YES_AGGRESSIVE;
				GCC_WARN_UNUSED_FUNCTION = YES;
				GCC_WARN_UNUSED_VARIABLE = YES;
				IPHONEOS_DEPLOYMENT_TARGET = 9.0;
				MTL_ENABLE_DEBUG_INFO = NO;
				SDKROOT = iphoneos;
				VALIDATE_PRODUCT = YES;
			};
			name = Release;
		};
		22D97BDC1C06FFC000D59D70 /* Debug */ = {
			isa = XCBuildConfiguration;
			buildSettings = {
				ASSETCATALOG_COMPILER_APPICON_NAME = AppIcon;
				INFOPLIST_FILE = RAKeyBoard/Info.plist;
				LD_RUNPATH_SEARCH_PATHS = "$(inherited) @executable_path/Frameworks";
				PRODUCT_BUNDLE_IDENTIFIER = com.58.RAKeyBoard;
				PRODUCT_NAME = "$(TARGET_NAME)";
				TARGETED_DEVICE_FAMILY = "1,2";
			};
			name = Debug;
		};
		22D97BDD1C06FFC000D59D70 /* Release */ = {
			isa = XCBuildConfiguration;
			buildSettings = {
				ASSETCATALOG_COMPILER_APPICON_NAME = AppIcon;
				INFOPLIST_FILE = RAKeyBoard/Info.plist;
				LD_RUNPATH_SEARCH_PATHS = "$(inherited) @executable_path/Frameworks";
				PRODUCT_BUNDLE_IDENTIFIER = com.58.RAKeyBoard;
				PRODUCT_NAME = "$(TARGET_NAME)";
				TARGETED_DEVICE_FAMILY = "1,2";
			};
			name = Release;
		};
/* End XCBuildConfiguration section */

/* Begin XCConfigurationList section */
		22D97BBF1C06FFC000D59D70 /* Build configuration list for PBXProject "RAKeyBoard" */ = {
			isa = XCConfigurationList;
			buildConfigurations = (
				22D97BD91C06FFC000D59D70 /* Debug */,
				22D97BDA1C06FFC000D59D70 /* Release */,
			);
			defaultConfigurationIsVisible = 0;
			defaultConfigurationName = Release;
		};
		22D97BDB1C06FFC000D59D70 /* Build configuration list for PBXNativeTarget "RAKeyBoard" */ = {
			isa = XCConfigurationList;
			buildConfigurations = (
				22D97BDC1C06FFC000D59D70 /* Debug */,
				22D97BDD1C06FFC000D59D70 /* Release */,
			);
			defaultConfigurationIsVisible = 0;
			defaultConfigurationName = Release;
		};
/* End XCConfigurationList section */
	};
	rootObject = 22D97BBC1C06FFC000D59D70 /* Project object */;
}
